
Microsoft Visual Studio Solution File, Format Version 12.00
# Visual Studio 15
VisualStudioVersion = 15.0.28307.329
MinimumVisualStudioVersion = 10.0.40219.1
Project("{9A19103F-16F7-4668-BE54-9A1E7A4F7556}") = "Model", "Model\Model.csproj", "{EE7627D1-4B37-4A3B-8763-00EFB5A0AB8C}"
EndProject
Project("{9A19103F-16F7-4668-BE54-9A1E7A4F7556}") = "Service", "Service\Service.csproj", "{1CF8F0B0-EF72-4F26-B03F-48C80D1C950A}"
EndProject
Project("{9A19103F-16F7-4668-BE54-9A1E7A4F7556}") = "Repository", "Repository\Repository.csproj", "{5CA3934F-3075-4C30-AFE4-B5E4ABDD5A87}"
EndProject
Project("{FAE04EC0-301F-11D3-BF4B-00C04F79EFBC}") = "PointOfSale", "PointOfSale\PointOfSale.csproj", "{1448A1AC-7AB5-4011-96BC-B0F9502D19CC}"
EndProject
Global
	GlobalSection(SolutionConfigurationPlatforms) = preSolution
		Debug|Any CPU = Debug|Any CPU
		Release|Any CPU = Release|Any CPU
	EndGlobalSection
	GlobalSection(ProjectConfigurationPlatforms) = postSolution
		{EE7627D1-4B37-4A3B-8763-00EFB5A0AB8C}.Debug|Any CPU.ActiveCfg = Debug|Any CPU
		{EE7627D1-4B37-4A3B-8763-00EFB5A0AB8C}.Debug|Any CPU.Build.0 = Debug|Any CPU
		{EE7627D1-4B37-4A3B-8763-00EFB5A0AB8C}.Release|Any CPU.ActiveCfg = Release|Any CPU
		{EE7627D1-4B37-4A3B-8763-00EFB5A0AB8C}.Release|Any CPU.Build.0 = Release|Any CPU
		{1CF8F0B0-EF72-4F26-B03F-48C80D1C950A}.Debug|Any CPU.ActiveCfg = Debug|Any CPU
		{1CF8F0B0-EF72-4F26-B03F-48C80D1C950A}.Debug|Any CPU.Build.0 = Debug|Any CPU
		{1CF8F0B0-EF72-4F26-B03F-48C80D1C950A}.Release|Any CPU.ActiveCfg = Release|Any CPU
		{1CF8F0B0-EF72-4F26-B03F-48C80D1C950A}.Release|Any CPU.Build.0 = Release|Any CPU
		{5CA3934F-3075-4C30-AFE4-B5E4ABDD5A87}.Debug|Any CPU.ActiveCfg = Debug|Any CPU
		{5CA3934F-3075-4C30-AFE4-B5E4ABDD5A87}.Debug|Any CPU.Build.0 = Debug|Any CPU
		{5CA3934F-3075-4C30-AFE4-B5E4ABDD5A87}.Release|Any CPU.ActiveCfg = Release|Any CPU
		{5CA3934F-3075-4C30-AFE4-B5E4ABDD5A87}.Release|Any CPU.Build.0 = Release|Any CPU
		{1448A1AC-7AB5-4011-96BC-B0F9502D19CC}.Debug|Any CPU.ActiveCfg = Debug|Any CPU
		{1448A1AC-7AB5-4011-96BC-B0F9502D19CC}.Debug|Any CPU.Build.0 = Debug|Any CPU
		{1448A1AC-7AB5-4011-96BC-B0F9502D19CC}.Release|Any CPU.ActiveCfg = Release|Any CPU
		{1448A1AC-7AB5-4011-96BC-B0F9502D19CC}.Release|Any CPU.Build.0 = Release|Any CPU
	EndGlobalSection
	GlobalSection(SolutionProperties) = preSolution
		HideSolutionNode = FALSE
	EndGlobalSection
	GlobalSection(ExtensibilityGlobals) = postSolution
		SolutionGuid = {0D72FCB2-882A-48B3-AA93-AB7901A661EE}
	EndGlobalSection
EndGlobal
